
Microsoft Visual Studio Solution File, Format Version 12.00
# Visual Studio Version 17
VisualStudioVersion = 17.1.32328.378
MinimumVisualStudioVersion = 10.0.40219.1
Project("{FAE04EC0-301F-11D3-BF4B-00C04F79EFBC}") = "01. Car", "01. Car\01. Car.csproj", "{4F889471-087A-476D-90A1-23485218DB87}"
EndProject
Project("{FAE04EC0-301F-11D3-BF4B-00C04F79EFBC}") = "02. Car Extension", "02. Car Extension\02. Car Extension.csproj", "{1EE96460-5F09-420A-9F3B-0A9E99A709A2}"
EndProject
Project("{FAE04EC0-301F-11D3-BF4B-00C04F79EFBC}") = "03. Car Constructors", "03. Car Constructors\03. Car Constructors.csproj", "{D6F95189-E6D2-4642-AE76-FA391DAF1770}"
EndProject
Project("{FAE04EC0-301F-11D3-BF4B-00C04F79EFBC}") = "04. Car Engine And Tires", "04. Car Engine And Tires\04. Car Engine And Tires.csproj", "{C3F92955-2269-4245-BF89-7C6F13823D3F}"
EndProject
Global
	GlobalSection(SolutionConfigurationPlatforms) = preSolution
		Debug|Any CPU = Debug|Any CPU
		Release|Any CPU = Release|Any CPU
	EndGlobalSection
	GlobalSection(ProjectConfigurationPlatforms) = postSolution
		{4F889471-087A-476D-90A1-23485218DB87}.Debug|Any CPU.ActiveCfg = Debug|Any CPU
		{4F889471-087A-476D-90A1-23485218DB87}.Debug|Any CPU.Build.0 = Debug|Any CPU
		{4F889471-087A-476D-90A1-23485218DB87}.Release|Any CPU.ActiveCfg = Release|Any CPU
		{4F889471-087A-476D-90A1-23485218DB87}.Release|Any CPU.Build.0 = Release|Any CPU
		{1EE96460-5F09-420A-9F3B-0A9E99A709A2}.Debug|Any CPU.ActiveCfg = Debug|Any CPU
		{1EE96460-5F09-420A-9F3B-0A9E99A709A2}.Debug|Any CPU.Build.0 = Debug|Any CPU
		{1EE96460-5F09-420A-9F3B-0A9E99A709A2}.Release|Any CPU.ActiveCfg = Release|Any CPU
		{1EE96460-5F09-420A-9F3B-0A9E99A709A2}.Release|Any CPU.Build.0 = Release|Any CPU
		{D6F95189-E6D2-4642-AE76-FA391DAF1770}.Debug|Any CPU.ActiveCfg = Debug|Any CPU
		{D6F95189-E6D2-4642-AE76-FA391DAF1770}.Debug|Any CPU.Build.0 = Debug|Any CPU
		{D6F95189-E6D2-4642-AE76-FA391DAF1770}.Release|Any CPU.ActiveCfg = Release|Any CPU
		{D6F95189-E6D2-4642-AE76-FA391DAF1770}.Release|Any CPU.Build.0 = Release|Any CPU
		{C3F92955-2269-4245-BF89-7C6F13823D3F}.Debug|Any CPU.ActiveCfg = Debug|Any CPU
		{C3F92955-2269-4245-BF89-7C6F13823D3F}.Debug|Any CPU.Build.0 = Debug|Any CPU
		{C3F92955-2269-4245-BF89-7C6F13823D3F}.Release|Any CPU.ActiveCfg = Release|Any CPU
		{C3F92955-2269-4245-BF89-7C6F13823D3F}.Release|Any CPU.Build.0 = Release|Any CPU
	EndGlobalSection
	GlobalSection(SolutionProperties) = preSolution
		HideSolutionNode = FALSE
	EndGlobalSection
	GlobalSection(ExtensibilityGlobals) = postSolution
		SolutionGuid = {9B2EE7AE-50B9-46AF-90C2-62891892929C}
	EndGlobalSection
EndGlobal
