
Microsoft Visual Studio Solution File, Format Version 12.00
# Visual Studio Version 17
VisualStudioVersion = 17.1.32210.238
MinimumVisualStudioVersion = 10.0.40219.1
Project("{9A19103F-16F7-4668-BE54-9A1E7A4F7556}") = "T01. Furniture", "T01. Furniture\T01. Furniture.csproj", "{6752053E-EF92-4911-B50A-A40ADA769049}"
EndProject
Project("{9A19103F-16F7-4668-BE54-9A1E7A4F7556}") = "T02. Race", "T02. Race\T02. Race.csproj", "{9BD4CD44-56B9-498E-910F-73F7EAAC86B8}"
EndProject
Project("{9A19103F-16F7-4668-BE54-9A1E7A4F7556}") = "T03. SoftUni Bar Income", "T03. SoftUni Bar Income\T03. SoftUni Bar Income.csproj", "{89E0FC11-3148-410A-AF79-28B764F4F096}"
EndProject
Project("{9A19103F-16F7-4668-BE54-9A1E7A4F7556}") = "T04. Star Enigma", "T04. Star Enigma\T04. Star Enigma.csproj", "{2C248DB5-BB1F-4FEB-84F0-FE3C944D6B82}"
EndProject
Project("{9A19103F-16F7-4668-BE54-9A1E7A4F7556}") = "T05. Nether Realms", "T05. Nether Realms\T05. Nether Realms.csproj", "{DC82371C-56FC-46EE-A299-8B65E5804521}"
EndProject
Project("{FAE04EC0-301F-11D3-BF4B-00C04F79EFBC}") = "T06. Extract Emails", "T06. Extract Emails\T06. Extract Emails.csproj", "{C6D5A05F-2D04-4FB3-99ED-C32976DBFF26}"
EndProject
Global
	GlobalSection(SolutionConfigurationPlatforms) = preSolution
		Debug|Any CPU = Debug|Any CPU
		Release|Any CPU = Release|Any CPU
	EndGlobalSection
	GlobalSection(ProjectConfigurationPlatforms) = postSolution
		{6752053E-EF92-4911-B50A-A40ADA769049}.Debug|Any CPU.ActiveCfg = Debug|Any CPU
		{6752053E-EF92-4911-B50A-A40ADA769049}.Debug|Any CPU.Build.0 = Debug|Any CPU
		{6752053E-EF92-4911-B50A-A40ADA769049}.Release|Any CPU.ActiveCfg = Release|Any CPU
		{6752053E-EF92-4911-B50A-A40ADA769049}.Release|Any CPU.Build.0 = Release|Any CPU
		{9BD4CD44-56B9-498E-910F-73F7EAAC86B8}.Debug|Any CPU.ActiveCfg = Debug|Any CPU
		{9BD4CD44-56B9-498E-910F-73F7EAAC86B8}.Debug|Any CPU.Build.0 = Debug|Any CPU
		{9BD4CD44-56B9-498E-910F-73F7EAAC86B8}.Release|Any CPU.ActiveCfg = Release|Any CPU
		{9BD4CD44-56B9-498E-910F-73F7EAAC86B8}.Release|Any CPU.Build.0 = Release|Any CPU
		{89E0FC11-3148-410A-AF79-28B764F4F096}.Debug|Any CPU.ActiveCfg = Debug|Any CPU
		{89E0FC11-3148-410A-AF79-28B764F4F096}.Debug|Any CPU.Build.0 = Debug|Any CPU
		{89E0FC11-3148-410A-AF79-28B764F4F096}.Release|Any CPU.ActiveCfg = Release|Any CPU
		{89E0FC11-3148-410A-AF79-28B764F4F096}.Release|Any CPU.Build.0 = Release|Any CPU
		{2C248DB5-BB1F-4FEB-84F0-FE3C944D6B82}.Debug|Any CPU.ActiveCfg = Debug|Any CPU
		{2C248DB5-BB1F-4FEB-84F0-FE3C944D6B82}.Debug|Any CPU.Build.0 = Debug|Any CPU
		{2C248DB5-BB1F-4FEB-84F0-FE3C944D6B82}.Release|Any CPU.ActiveCfg = Release|Any CPU
		{2C248DB5-BB1F-4FEB-84F0-FE3C944D6B82}.Release|Any CPU.Build.0 = Release|Any CPU
		{DC82371C-56FC-46EE-A299-8B65E5804521}.Debug|Any CPU.ActiveCfg = Debug|Any CPU
		{DC82371C-56FC-46EE-A299-8B65E5804521}.Debug|Any CPU.Build.0 = Debug|Any CPU
		{DC82371C-56FC-46EE-A299-8B65E5804521}.Release|Any CPU.ActiveCfg = Release|Any CPU
		{DC82371C-56FC-46EE-A299-8B65E5804521}.Release|Any CPU.Build.0 = Release|Any CPU
		{C6D5A05F-2D04-4FB3-99ED-C32976DBFF26}.Debug|Any CPU.ActiveCfg = Debug|Any CPU
		{C6D5A05F-2D04-4FB3-99ED-C32976DBFF26}.Debug|Any CPU.Build.0 = Debug|Any CPU
		{C6D5A05F-2D04-4FB3-99ED-C32976DBFF26}.Release|Any CPU.ActiveCfg = Release|Any CPU
		{C6D5A05F-2D04-4FB3-99ED-C32976DBFF26}.Release|Any CPU.Build.0 = Release|Any CPU
	EndGlobalSection
	GlobalSection(SolutionProperties) = preSolution
		HideSolutionNode = FALSE
	EndGlobalSection
	GlobalSection(ExtensibilityGlobals) = postSolution
		SolutionGuid = {EFC6A0A9-95D0-47B6-B571-349E3154EDB8}
	EndGlobalSection
EndGlobal
