
Microsoft Visual Studio Solution File, Format Version 12.00
# Visual Studio Version 17
VisualStudioVersion = 17.1.32328.378
MinimumVisualStudioVersion = 10.0.40219.1
Project("{FAE04EC0-301F-11D3-BF4B-00C04F79EFBC}") = "BoxOfT", "01.Box\BoxOfT.csproj", "{9CFDD316-2D80-4DCD-A9A6-20A9C4CFA7E3}"
EndProject
Project("{FAE04EC0-301F-11D3-BF4B-00C04F79EFBC}") = "GenericArrayCreator", "GenericArrayCreator\GenericArrayCreator.csproj", "{4F8FC1F4-8662-498F-88BE-906B03029504}"
EndProject
Project("{FAE04EC0-301F-11D3-BF4B-00C04F79EFBC}") = "GenericScale", "GenericScale\GenericScale.csproj", "{AF263F85-6308-4B0F-B229-9CF34D616CBD}"
EndProject
Global
	GlobalSection(SolutionConfigurationPlatforms) = preSolution
		Debug|Any CPU = Debug|Any CPU
		Release|Any CPU = Release|Any CPU
	EndGlobalSection
	GlobalSection(ProjectConfigurationPlatforms) = postSolution
		{9CFDD316-2D80-4DCD-A9A6-20A9C4CFA7E3}.Debug|Any CPU.ActiveCfg = Debug|Any CPU
		{9CFDD316-2D80-4DCD-A9A6-20A9C4CFA7E3}.Debug|Any CPU.Build.0 = Debug|Any CPU
		{9CFDD316-2D80-4DCD-A9A6-20A9C4CFA7E3}.Release|Any CPU.ActiveCfg = Release|Any CPU
		{9CFDD316-2D80-4DCD-A9A6-20A9C4CFA7E3}.Release|Any CPU.Build.0 = Release|Any CPU
		{4F8FC1F4-8662-498F-88BE-906B03029504}.Debug|Any CPU.ActiveCfg = Debug|Any CPU
		{4F8FC1F4-8662-498F-88BE-906B03029504}.Debug|Any CPU.Build.0 = Debug|Any CPU
		{4F8FC1F4-8662-498F-88BE-906B03029504}.Release|Any CPU.ActiveCfg = Release|Any CPU
		{4F8FC1F4-8662-498F-88BE-906B03029504}.Release|Any CPU.Build.0 = Release|Any CPU
		{AF263F85-6308-4B0F-B229-9CF34D616CBD}.Debug|Any CPU.ActiveCfg = Debug|Any CPU
		{AF263F85-6308-4B0F-B229-9CF34D616CBD}.Debug|Any CPU.Build.0 = Debug|Any CPU
		{AF263F85-6308-4B0F-B229-9CF34D616CBD}.Release|Any CPU.ActiveCfg = Release|Any CPU
		{AF263F85-6308-4B0F-B229-9CF34D616CBD}.Release|Any CPU.Build.0 = Release|Any CPU
	EndGlobalSection
	GlobalSection(SolutionProperties) = preSolution
		HideSolutionNode = FALSE
	EndGlobalSection
	GlobalSection(ExtensibilityGlobals) = postSolution
		SolutionGuid = {0D5AFA77-EEE2-442E-B5CF-1432FD103380}
	EndGlobalSection
EndGlobal
