
Microsoft Visual Studio Solution File, Format Version 12.00
# Visual Studio Version 17
VisualStudioVersion = 17.1.32328.378
MinimumVisualStudioVersion = 10.0.40219.1
Project("{FAE04EC0-301F-11D3-BF4B-00C04F79EFBC}") = "T01. Unique Usernames", "T01. Unique Usernames\T01. Unique Usernames.csproj", "{6911C4D2-5474-4C91-9C92-C3742DEE564F}"
EndProject
Global
	GlobalSection(SolutionConfigurationPlatforms) = preSolution
		Debug|Any CPU = Debug|Any CPU
		Release|Any CPU = Release|Any CPU
	EndGlobalSection
	GlobalSection(ProjectConfigurationPlatforms) = postSolution
		{6911C4D2-5474-4C91-9C92-C3742DEE564F}.Debug|Any CPU.ActiveCfg = Debug|Any CPU
		{6911C4D2-5474-4C91-9C92-C3742DEE564F}.Debug|Any CPU.Build.0 = Debug|Any CPU
		{6911C4D2-5474-4C91-9C92-C3742DEE564F}.Release|Any CPU.ActiveCfg = Release|Any CPU
		{6911C4D2-5474-4C91-9C92-C3742DEE564F}.Release|Any CPU.Build.0 = Release|Any CPU
	EndGlobalSection
	GlobalSection(SolutionProperties) = preSolution
		HideSolutionNode = FALSE
	EndGlobalSection
	GlobalSection(ExtensibilityGlobals) = postSolution
		SolutionGuid = {D13ECDB1-DC9F-4565-A371-F7C2AD6609AA}
	EndGlobalSection
EndGlobal
