
Microsoft Visual Studio Solution File, Format Version 12.00
# Visual Studio Version 17
VisualStudioVersion = 17.1.32328.378
MinimumVisualStudioVersion = 10.0.40219.1
Project("{FAE04EC0-301F-11D3-BF4B-00C04F79EFBC}") = "T01. Sum Matrix Elements", "T01. Sum Matrix Elements\T01. Sum Matrix Elements.csproj", "{47C74F7A-9A2C-4340-BDA9-AC13B22BC603}"
EndProject
Global
	GlobalSection(SolutionConfigurationPlatforms) = preSolution
		Debug|Any CPU = Debug|Any CPU
		Release|Any CPU = Release|Any CPU
	EndGlobalSection
	GlobalSection(ProjectConfigurationPlatforms) = postSolution
		{47C74F7A-9A2C-4340-BDA9-AC13B22BC603}.Debug|Any CPU.ActiveCfg = Debug|Any CPU
		{47C74F7A-9A2C-4340-BDA9-AC13B22BC603}.Debug|Any CPU.Build.0 = Debug|Any CPU
		{47C74F7A-9A2C-4340-BDA9-AC13B22BC603}.Release|Any CPU.ActiveCfg = Release|Any CPU
		{47C74F7A-9A2C-4340-BDA9-AC13B22BC603}.Release|Any CPU.Build.0 = Release|Any CPU
	EndGlobalSection
	GlobalSection(SolutionProperties) = preSolution
		HideSolutionNode = FALSE
	EndGlobalSection
	GlobalSection(ExtensibilityGlobals) = postSolution
		SolutionGuid = {6E1A2CF2-DA3E-4F51-9FFE-628AA7454E06}
	EndGlobalSection
EndGlobal
