
Microsoft Visual Studio Solution File, Format Version 12.00
# Visual Studio Version 17
VisualStudioVersion = 17.1.32328.378
MinimumVisualStudioVersion = 10.0.40219.1
Project("{FAE04EC0-301F-11D3-BF4B-00C04F79EFBC}") = "ImplementingDoublyLinkedList", "ImplementingDoublyLinkedList\ImplementingDoublyLinkedList.csproj", "{98407137-216B-4586-AD97-701AB8302A8E}"
EndProject
Global
	GlobalSection(SolutionConfigurationPlatforms) = preSolution
		Debug|Any CPU = Debug|Any CPU
		Release|Any CPU = Release|Any CPU
	EndGlobalSection
	GlobalSection(ProjectConfigurationPlatforms) = postSolution
		{98407137-216B-4586-AD97-701AB8302A8E}.Debug|Any CPU.ActiveCfg = Debug|Any CPU
		{98407137-216B-4586-AD97-701AB8302A8E}.Debug|Any CPU.Build.0 = Debug|Any CPU
		{98407137-216B-4586-AD97-701AB8302A8E}.Release|Any CPU.ActiveCfg = Release|Any CPU
		{98407137-216B-4586-AD97-701AB8302A8E}.Release|Any CPU.Build.0 = Release|Any CPU
	EndGlobalSection
	GlobalSection(SolutionProperties) = preSolution
		HideSolutionNode = FALSE
	EndGlobalSection
	GlobalSection(ExtensibilityGlobals) = postSolution
		SolutionGuid = {9BC54FA9-DB02-4F15-9B54-1D835112FC84}
	EndGlobalSection
EndGlobal
