
Microsoft Visual Studio Solution File, Format Version 12.00
# Visual Studio Version 17
VisualStudioVersion = 17.1.32328.378
MinimumVisualStudioVersion = 10.0.40219.1
Project("{FAE04EC0-301F-11D3-BF4B-00C04F79EFBC}") = "01. Blacksmith", "01. Blacksmith\01. Blacksmith.csproj", "{2B174845-5166-4635-9C40-9CFDFAC7ED7B}"
EndProject
Project("{FAE04EC0-301F-11D3-BF4B-00C04F79EFBC}") = "02. Armory", "02. Armory\02. Armory.csproj", "{5752575C-6AC4-4A60-A48A-4E393D86EB7F}"
EndProject
Project("{9A19103F-16F7-4668-BE54-9A1E7A4F7556}") = "Drones", "Drones\Drones.csproj", "{BE71F2BD-7A56-4F73-87B2-83ECAE8425E7}"
EndProject
Global
	GlobalSection(SolutionConfigurationPlatforms) = preSolution
		Debug|Any CPU = Debug|Any CPU
		Release|Any CPU = Release|Any CPU
	EndGlobalSection
	GlobalSection(ProjectConfigurationPlatforms) = postSolution
		{2B174845-5166-4635-9C40-9CFDFAC7ED7B}.Debug|Any CPU.ActiveCfg = Debug|Any CPU
		{2B174845-5166-4635-9C40-9CFDFAC7ED7B}.Debug|Any CPU.Build.0 = Debug|Any CPU
		{2B174845-5166-4635-9C40-9CFDFAC7ED7B}.Release|Any CPU.ActiveCfg = Release|Any CPU
		{2B174845-5166-4635-9C40-9CFDFAC7ED7B}.Release|Any CPU.Build.0 = Release|Any CPU
		{5752575C-6AC4-4A60-A48A-4E393D86EB7F}.Debug|Any CPU.ActiveCfg = Debug|Any CPU
		{5752575C-6AC4-4A60-A48A-4E393D86EB7F}.Debug|Any CPU.Build.0 = Debug|Any CPU
		{5752575C-6AC4-4A60-A48A-4E393D86EB7F}.Release|Any CPU.ActiveCfg = Release|Any CPU
		{5752575C-6AC4-4A60-A48A-4E393D86EB7F}.Release|Any CPU.Build.0 = Release|Any CPU
		{BE71F2BD-7A56-4F73-87B2-83ECAE8425E7}.Debug|Any CPU.ActiveCfg = Debug|Any CPU
		{BE71F2BD-7A56-4F73-87B2-83ECAE8425E7}.Debug|Any CPU.Build.0 = Debug|Any CPU
		{BE71F2BD-7A56-4F73-87B2-83ECAE8425E7}.Release|Any CPU.ActiveCfg = Release|Any CPU
		{BE71F2BD-7A56-4F73-87B2-83ECAE8425E7}.Release|Any CPU.Build.0 = Release|Any CPU
	EndGlobalSection
	GlobalSection(SolutionProperties) = preSolution
		HideSolutionNode = FALSE
	EndGlobalSection
	GlobalSection(ExtensibilityGlobals) = postSolution
		SolutionGuid = {DC2721A0-341D-4396-BB35-0DFA2BB30805}
	EndGlobalSection
EndGlobal
