
Microsoft Visual Studio Solution File, Format Version 12.00
# Visual Studio Version 17
VisualStudioVersion = 17.1.32328.378
MinimumVisualStudioVersion = 10.0.40219.1
Project("{FAE04EC0-301F-11D3-BF4B-00C04F79EFBC}") = "01. Bakery Shop", "01. Bakery Shop\01. Bakery Shop.csproj", "{47A43223-F160-4BC8-B92A-87BCF416755D}"
EndProject
Project("{FAE04EC0-301F-11D3-BF4B-00C04F79EFBC}") = "02. Beaver at Work", "02. Beaver at Work\02. Beaver at Work.csproj", "{45584EB7-4833-4DCD-A74E-ED7C51004EDB}"
EndProject
Project("{9A19103F-16F7-4668-BE54-9A1E7A4F7556}") = "FishingNet", "FishingNet\FishingNet.csproj", "{2C24977E-6764-45DC-A31E-2EECBA779406}"
EndProject
Global
	GlobalSection(SolutionConfigurationPlatforms) = preSolution
		Debug|Any CPU = Debug|Any CPU
		Release|Any CPU = Release|Any CPU
	EndGlobalSection
	GlobalSection(ProjectConfigurationPlatforms) = postSolution
		{47A43223-F160-4BC8-B92A-87BCF416755D}.Debug|Any CPU.ActiveCfg = Debug|Any CPU
		{47A43223-F160-4BC8-B92A-87BCF416755D}.Debug|Any CPU.Build.0 = Debug|Any CPU
		{47A43223-F160-4BC8-B92A-87BCF416755D}.Release|Any CPU.ActiveCfg = Release|Any CPU
		{47A43223-F160-4BC8-B92A-87BCF416755D}.Release|Any CPU.Build.0 = Release|Any CPU
		{45584EB7-4833-4DCD-A74E-ED7C51004EDB}.Debug|Any CPU.ActiveCfg = Debug|Any CPU
		{45584EB7-4833-4DCD-A74E-ED7C51004EDB}.Debug|Any CPU.Build.0 = Debug|Any CPU
		{45584EB7-4833-4DCD-A74E-ED7C51004EDB}.Release|Any CPU.ActiveCfg = Release|Any CPU
		{45584EB7-4833-4DCD-A74E-ED7C51004EDB}.Release|Any CPU.Build.0 = Release|Any CPU
		{2C24977E-6764-45DC-A31E-2EECBA779406}.Debug|Any CPU.ActiveCfg = Debug|Any CPU
		{2C24977E-6764-45DC-A31E-2EECBA779406}.Debug|Any CPU.Build.0 = Debug|Any CPU
		{2C24977E-6764-45DC-A31E-2EECBA779406}.Release|Any CPU.ActiveCfg = Release|Any CPU
		{2C24977E-6764-45DC-A31E-2EECBA779406}.Release|Any CPU.Build.0 = Release|Any CPU
	EndGlobalSection
	GlobalSection(SolutionProperties) = preSolution
		HideSolutionNode = FALSE
	EndGlobalSection
	GlobalSection(ExtensibilityGlobals) = postSolution
		SolutionGuid = {9A65D27D-B706-4F37-92FA-82E412DCB877}
	EndGlobalSection
EndGlobal
