
Microsoft Visual Studio Solution File, Format Version 12.00
# Visual Studio Version 17
VisualStudioVersion = 17.2.32602.215
MinimumVisualStudioVersion = 10.0.40219.1
Project("{FAE04EC0-301F-11D3-BF4B-00C04F79EFBC}") = "01. Birthday Celebration", "01. Birthday Celebration\01. Birthday Celebration.csproj", "{95D78006-5FB8-4EC0-8359-35D62121C661}"
EndProject
Project("{FAE04EC0-301F-11D3-BF4B-00C04F79EFBC}") = "02. The Battle of The Five Armies", "02. The Battle of The Five Armies\02. The Battle of The Five Armies.csproj", "{1C2DDE94-A57D-42CA-8FB2-40994E169C12}"
EndProject
Project("{9A19103F-16F7-4668-BE54-9A1E7A4F7556}") = "StreetRacing", "StreetRacing\StreetRacing.csproj", "{3FDE064A-0AB2-4FC9-B958-9F098442AC11}"
EndProject
Global
	GlobalSection(SolutionConfigurationPlatforms) = preSolution
		Debug|Any CPU = Debug|Any CPU
		Release|Any CPU = Release|Any CPU
	EndGlobalSection
	GlobalSection(ProjectConfigurationPlatforms) = postSolution
		{95D78006-5FB8-4EC0-8359-35D62121C661}.Debug|Any CPU.ActiveCfg = Debug|Any CPU
		{95D78006-5FB8-4EC0-8359-35D62121C661}.Debug|Any CPU.Build.0 = Debug|Any CPU
		{95D78006-5FB8-4EC0-8359-35D62121C661}.Release|Any CPU.ActiveCfg = Release|Any CPU
		{95D78006-5FB8-4EC0-8359-35D62121C661}.Release|Any CPU.Build.0 = Release|Any CPU
		{1C2DDE94-A57D-42CA-8FB2-40994E169C12}.Debug|Any CPU.ActiveCfg = Debug|Any CPU
		{1C2DDE94-A57D-42CA-8FB2-40994E169C12}.Debug|Any CPU.Build.0 = Debug|Any CPU
		{1C2DDE94-A57D-42CA-8FB2-40994E169C12}.Release|Any CPU.ActiveCfg = Release|Any CPU
		{1C2DDE94-A57D-42CA-8FB2-40994E169C12}.Release|Any CPU.Build.0 = Release|Any CPU
		{3FDE064A-0AB2-4FC9-B958-9F098442AC11}.Debug|Any CPU.ActiveCfg = Debug|Any CPU
		{3FDE064A-0AB2-4FC9-B958-9F098442AC11}.Debug|Any CPU.Build.0 = Debug|Any CPU
		{3FDE064A-0AB2-4FC9-B958-9F098442AC11}.Release|Any CPU.ActiveCfg = Release|Any CPU
		{3FDE064A-0AB2-4FC9-B958-9F098442AC11}.Release|Any CPU.Build.0 = Release|Any CPU
	EndGlobalSection
	GlobalSection(SolutionProperties) = preSolution
		HideSolutionNode = FALSE
	EndGlobalSection
	GlobalSection(ExtensibilityGlobals) = postSolution
		SolutionGuid = {236BD77C-A2AE-4742-A1F3-BABBBE0EC163}
	EndGlobalSection
EndGlobal
