
Microsoft Visual Studio Solution File, Format Version 12.00
# Visual Studio Version 17
VisualStudioVersion = 17.1.32328.378
MinimumVisualStudioVersion = 10.0.40219.1
Project("{FAE04EC0-301F-11D3-BF4B-00C04F79EFBC}") = "Exam-Problem-1", "Exam-Problem-1\Exam-Problem-1.csproj", "{0C44DB60-F08B-465F-A16A-C9197B17B235}"
EndProject
Project("{FAE04EC0-301F-11D3-BF4B-00C04F79EFBC}") = "Exam-Problem-2", "Exam-Problem-2\Exam-Problem-2.csproj", "{3FA79E52-68B3-4B79-8918-16CE986CEDE8}"
EndProject
Project("{FAE04EC0-301F-11D3-BF4B-00C04F79EFBC}") = "Exam-Problem-3", "Exam-Problem-3\Exam-Problem-3.csproj", "{3DF06477-3564-494C-9E62-9AC50EB76CA9}"
EndProject
Global
	GlobalSection(SolutionConfigurationPlatforms) = preSolution
		Debug|Any CPU = Debug|Any CPU
		Release|Any CPU = Release|Any CPU
	EndGlobalSection
	GlobalSection(ProjectConfigurationPlatforms) = postSolution
		{0C44DB60-F08B-465F-A16A-C9197B17B235}.Debug|Any CPU.ActiveCfg = Debug|Any CPU
		{0C44DB60-F08B-465F-A16A-C9197B17B235}.Debug|Any CPU.Build.0 = Debug|Any CPU
		{0C44DB60-F08B-465F-A16A-C9197B17B235}.Release|Any CPU.ActiveCfg = Release|Any CPU
		{0C44DB60-F08B-465F-A16A-C9197B17B235}.Release|Any CPU.Build.0 = Release|Any CPU
		{3FA79E52-68B3-4B79-8918-16CE986CEDE8}.Debug|Any CPU.ActiveCfg = Debug|Any CPU
		{3FA79E52-68B3-4B79-8918-16CE986CEDE8}.Debug|Any CPU.Build.0 = Debug|Any CPU
		{3FA79E52-68B3-4B79-8918-16CE986CEDE8}.Release|Any CPU.ActiveCfg = Release|Any CPU
		{3FA79E52-68B3-4B79-8918-16CE986CEDE8}.Release|Any CPU.Build.0 = Release|Any CPU
		{3DF06477-3564-494C-9E62-9AC50EB76CA9}.Debug|Any CPU.ActiveCfg = Debug|Any CPU
		{3DF06477-3564-494C-9E62-9AC50EB76CA9}.Debug|Any CPU.Build.0 = Debug|Any CPU
		{3DF06477-3564-494C-9E62-9AC50EB76CA9}.Release|Any CPU.ActiveCfg = Release|Any CPU
		{3DF06477-3564-494C-9E62-9AC50EB76CA9}.Release|Any CPU.Build.0 = Release|Any CPU
	EndGlobalSection
	GlobalSection(SolutionProperties) = preSolution
		HideSolutionNode = FALSE
	EndGlobalSection
	GlobalSection(ExtensibilityGlobals) = postSolution
		SolutionGuid = {7B83CE8C-7DE4-4712-B16D-D564E6CB2093}
	EndGlobalSection
EndGlobal
