
Microsoft Visual Studio Solution File, Format Version 12.00
# Visual Studio Version 16
VisualStudioVersion = 16.0.31729.503
MinimumVisualStudioVersion = 10.0.40219.1
Project("{9A19103F-16F7-4668-BE54-9A1E7A4F7556}") = "Т01.Cinema", "Т01.Cinema\Т01.Cinema.csproj", "{B4D3E947-ACF1-4AC0-AC9C-7C36B2570193}"
EndProject
Project("{9A19103F-16F7-4668-BE54-9A1E7A4F7556}") = "T02.SummerOutfit", "T02.SummerOutfit\T02.SummerOutfit.csproj", "{D910D14B-F6C0-453F-807B-B6ECD8F32CC5}"
EndProject
Project("{9A19103F-16F7-4668-BE54-9A1E7A4F7556}") = "Т03.NewHouse", "Т03.NewHouse\Т03.NewHouse.csproj", "{20923AAF-541B-482F-937E-AF686DE4A402}"
EndProject
Project("{9A19103F-16F7-4668-BE54-9A1E7A4F7556}") = "T04.FishingBoat", "T04.FishingBoat\T04.FishingBoat.csproj", "{1A82DF71-5162-4C12-82BC-DBCFE66C1688}"
EndProject
Project("{9A19103F-16F7-4668-BE54-9A1E7A4F7556}") = "T05.Journey", "T05.Journey\T05.Journey.csproj", "{A5C2EF59-90AD-469E-BC35-906F40D91548}"
EndProject
Project("{9A19103F-16F7-4668-BE54-9A1E7A4F7556}") = "T06.OperationsBetweenNumbers", "T06.OperationsBetweenNumbers\T06.OperationsBetweenNumbers.csproj", "{E79CE6ED-2BFF-4642-8550-2163E45A88EF}"
EndProject
Project("{9A19103F-16F7-4668-BE54-9A1E7A4F7556}") = "T07.HotelRoom", "T07.HotelRoom\T07.HotelRoom.csproj", "{897A052F-AA51-4FE1-ADC1-B718AB458F38}"
EndProject
Project("{9A19103F-16F7-4668-BE54-9A1E7A4F7556}") = "T08.OnTimeForTheExam", "T08.OnTimeForTheExam\T08.OnTimeForTheExam.csproj", "{5A006A0F-705B-4470-8D02-CDB309B99FA7}"
EndProject
Project("{FAE04EC0-301F-11D3-BF4B-00C04F79EFBC}") = "Т09.SkiTrip", "Т09.SkiTrip\Т09.SkiTrip.csproj", "{C60DAFF2-48C9-4DA4-8CAF-BFD4818ED645}"
EndProject
Global
	GlobalSection(SolutionConfigurationPlatforms) = preSolution
		Debug|Any CPU = Debug|Any CPU
		Release|Any CPU = Release|Any CPU
	EndGlobalSection
	GlobalSection(ProjectConfigurationPlatforms) = postSolution
		{B4D3E947-ACF1-4AC0-AC9C-7C36B2570193}.Debug|Any CPU.ActiveCfg = Debug|Any CPU
		{B4D3E947-ACF1-4AC0-AC9C-7C36B2570193}.Debug|Any CPU.Build.0 = Debug|Any CPU
		{B4D3E947-ACF1-4AC0-AC9C-7C36B2570193}.Release|Any CPU.ActiveCfg = Release|Any CPU
		{B4D3E947-ACF1-4AC0-AC9C-7C36B2570193}.Release|Any CPU.Build.0 = Release|Any CPU
		{D910D14B-F6C0-453F-807B-B6ECD8F32CC5}.Debug|Any CPU.ActiveCfg = Debug|Any CPU
		{D910D14B-F6C0-453F-807B-B6ECD8F32CC5}.Debug|Any CPU.Build.0 = Debug|Any CPU
		{D910D14B-F6C0-453F-807B-B6ECD8F32CC5}.Release|Any CPU.ActiveCfg = Release|Any CPU
		{D910D14B-F6C0-453F-807B-B6ECD8F32CC5}.Release|Any CPU.Build.0 = Release|Any CPU
		{20923AAF-541B-482F-937E-AF686DE4A402}.Debug|Any CPU.ActiveCfg = Debug|Any CPU
		{20923AAF-541B-482F-937E-AF686DE4A402}.Debug|Any CPU.Build.0 = Debug|Any CPU
		{20923AAF-541B-482F-937E-AF686DE4A402}.Release|Any CPU.ActiveCfg = Release|Any CPU
		{20923AAF-541B-482F-937E-AF686DE4A402}.Release|Any CPU.Build.0 = Release|Any CPU
		{1A82DF71-5162-4C12-82BC-DBCFE66C1688}.Debug|Any CPU.ActiveCfg = Debug|Any CPU
		{1A82DF71-5162-4C12-82BC-DBCFE66C1688}.Debug|Any CPU.Build.0 = Debug|Any CPU
		{1A82DF71-5162-4C12-82BC-DBCFE66C1688}.Release|Any CPU.ActiveCfg = Release|Any CPU
		{1A82DF71-5162-4C12-82BC-DBCFE66C1688}.Release|Any CPU.Build.0 = Release|Any CPU
		{A5C2EF59-90AD-469E-BC35-906F40D91548}.Debug|Any CPU.ActiveCfg = Debug|Any CPU
		{A5C2EF59-90AD-469E-BC35-906F40D91548}.Debug|Any CPU.Build.0 = Debug|Any CPU
		{A5C2EF59-90AD-469E-BC35-906F40D91548}.Release|Any CPU.ActiveCfg = Release|Any CPU
		{A5C2EF59-90AD-469E-BC35-906F40D91548}.Release|Any CPU.Build.0 = Release|Any CPU
		{E79CE6ED-2BFF-4642-8550-2163E45A88EF}.Debug|Any CPU.ActiveCfg = Debug|Any CPU
		{E79CE6ED-2BFF-4642-8550-2163E45A88EF}.Debug|Any CPU.Build.0 = Debug|Any CPU
		{E79CE6ED-2BFF-4642-8550-2163E45A88EF}.Release|Any CPU.ActiveCfg = Release|Any CPU
		{E79CE6ED-2BFF-4642-8550-2163E45A88EF}.Release|Any CPU.Build.0 = Release|Any CPU
		{897A052F-AA51-4FE1-ADC1-B718AB458F38}.Debug|Any CPU.ActiveCfg = Debug|Any CPU
		{897A052F-AA51-4FE1-ADC1-B718AB458F38}.Debug|Any CPU.Build.0 = Debug|Any CPU
		{897A052F-AA51-4FE1-ADC1-B718AB458F38}.Release|Any CPU.ActiveCfg = Release|Any CPU
		{897A052F-AA51-4FE1-ADC1-B718AB458F38}.Release|Any CPU.Build.0 = Release|Any CPU
		{5A006A0F-705B-4470-8D02-CDB309B99FA7}.Debug|Any CPU.ActiveCfg = Debug|Any CPU
		{5A006A0F-705B-4470-8D02-CDB309B99FA7}.Debug|Any CPU.Build.0 = Debug|Any CPU
		{5A006A0F-705B-4470-8D02-CDB309B99FA7}.Release|Any CPU.ActiveCfg = Release|Any CPU
		{5A006A0F-705B-4470-8D02-CDB309B99FA7}.Release|Any CPU.Build.0 = Release|Any CPU
		{C60DAFF2-48C9-4DA4-8CAF-BFD4818ED645}.Debug|Any CPU.ActiveCfg = Debug|Any CPU
		{C60DAFF2-48C9-4DA4-8CAF-BFD4818ED645}.Debug|Any CPU.Build.0 = Debug|Any CPU
		{C60DAFF2-48C9-4DA4-8CAF-BFD4818ED645}.Release|Any CPU.ActiveCfg = Release|Any CPU
		{C60DAFF2-48C9-4DA4-8CAF-BFD4818ED645}.Release|Any CPU.Build.0 = Release|Any CPU
	EndGlobalSection
	GlobalSection(SolutionProperties) = preSolution
		HideSolutionNode = FALSE
	EndGlobalSection
	GlobalSection(ExtensibilityGlobals) = postSolution
		SolutionGuid = {F14CDBB9-7560-4CBF-B43C-EAD920404552}
	EndGlobalSection
EndGlobal
