
Microsoft Visual Studio Solution File, Format Version 12.00
# Visual Studio Version 16
VisualStudioVersion = 16.0.31829.152
MinimumVisualStudioVersion = 10.0.40219.1
Project("{FAE04EC0-301F-11D3-BF4B-00C04F79EFBC}") = "T01. Easter Bakery", "T01. Easter Bakery\T01. Easter Bakery.csproj", "{E21C32AA-1E5D-4CB1-BDAC-EAC9B4B1722A}"
EndProject
Project("{FAE04EC0-301F-11D3-BF4B-00C04F79EFBC}") = "T02. Easter Party", "T02. Easter Party\T02. Easter Party.csproj", "{E280992C-5B13-407F-9747-7B7715BE49AF}"
EndProject
Project("{FAE04EC0-301F-11D3-BF4B-00C04F79EFBC}") = "T03. Easter Trip", "T03. Easter Trip\T03. Easter Trip.csproj", "{F4505CD8-8887-49D4-AE0C-42F5A8672B6C}"
EndProject
Project("{FAE04EC0-301F-11D3-BF4B-00C04F79EFBC}") = "T04. Easter Eggs Battle", "T04. Easter Eggs Battle\T04. Easter Eggs Battle.csproj", "{A09325D7-ABF5-466E-A921-DD91BEDDE25E}"
EndProject
Project("{FAE04EC0-301F-11D3-BF4B-00C04F79EFBC}") = "T05. Easter Bake", "T05. Easter Bake\T05. Easter Bake.csproj", "{49DF089A-BE99-43BB-9C35-BC1D67DC23C6}"
EndProject
Project("{FAE04EC0-301F-11D3-BF4B-00C04F79EFBC}") = "T06. Easter Competition", "T06. Easter Competition\T06. Easter Competition.csproj", "{D78A10E8-83EC-44F9-85FC-6567B7AE4A64}"
EndProject
Project("{FAE04EC0-301F-11D3-BF4B-00C04F79EFBC}") = "S01. Easter Lunch", "S01. Easter Lunch\S01. Easter Lunch.csproj", "{C213AB10-A1DB-49CC-BA2C-F87784514D22}"
EndProject
Project("{FAE04EC0-301F-11D3-BF4B-00C04F79EFBC}") = "S02. Easter Guests", "S02. Easter Guests\S02. Easter Guests.csproj", "{4ED134D8-1D96-4954-AB9E-5C71AE91CA24}"
EndProject
Project("{FAE04EC0-301F-11D3-BF4B-00C04F79EFBC}") = "S03. Painting Eggs", "S03. Painting Eggs\S03. Painting Eggs.csproj", "{4EDECACA-66D6-43D8-970F-23D11E7607C3}"
EndProject
Project("{FAE04EC0-301F-11D3-BF4B-00C04F79EFBC}") = "S04. Easter Shop", "S04. Easter Shop\S04. Easter Shop.csproj", "{22044ADF-8634-4352-8742-77335A87BAB6}"
EndProject
Project("{FAE04EC0-301F-11D3-BF4B-00C04F79EFBC}") = "S05. Easter Eggs", "S05. Easter Eggs\S05. Easter Eggs.csproj", "{7A4DF7CB-C8D7-4B57-B57F-745AB834F27B}"
EndProject
Project("{FAE04EC0-301F-11D3-BF4B-00C04F79EFBC}") = "S06. Easter Decoration", "S06. Easter Decoration\S06. Easter Decoration.csproj", "{7C0FA613-F3FA-4326-8F9B-2ACD8F5CAFB7}"
EndProject
Global
	GlobalSection(SolutionConfigurationPlatforms) = preSolution
		Debug|Any CPU = Debug|Any CPU
		Release|Any CPU = Release|Any CPU
	EndGlobalSection
	GlobalSection(ProjectConfigurationPlatforms) = postSolution
		{E21C32AA-1E5D-4CB1-BDAC-EAC9B4B1722A}.Debug|Any CPU.ActiveCfg = Debug|Any CPU
		{E21C32AA-1E5D-4CB1-BDAC-EAC9B4B1722A}.Debug|Any CPU.Build.0 = Debug|Any CPU
		{E21C32AA-1E5D-4CB1-BDAC-EAC9B4B1722A}.Release|Any CPU.ActiveCfg = Release|Any CPU
		{E21C32AA-1E5D-4CB1-BDAC-EAC9B4B1722A}.Release|Any CPU.Build.0 = Release|Any CPU
		{E280992C-5B13-407F-9747-7B7715BE49AF}.Debug|Any CPU.ActiveCfg = Debug|Any CPU
		{E280992C-5B13-407F-9747-7B7715BE49AF}.Debug|Any CPU.Build.0 = Debug|Any CPU
		{E280992C-5B13-407F-9747-7B7715BE49AF}.Release|Any CPU.ActiveCfg = Release|Any CPU
		{E280992C-5B13-407F-9747-7B7715BE49AF}.Release|Any CPU.Build.0 = Release|Any CPU
		{F4505CD8-8887-49D4-AE0C-42F5A8672B6C}.Debug|Any CPU.ActiveCfg = Debug|Any CPU
		{F4505CD8-8887-49D4-AE0C-42F5A8672B6C}.Debug|Any CPU.Build.0 = Debug|Any CPU
		{F4505CD8-8887-49D4-AE0C-42F5A8672B6C}.Release|Any CPU.ActiveCfg = Release|Any CPU
		{F4505CD8-8887-49D4-AE0C-42F5A8672B6C}.Release|Any CPU.Build.0 = Release|Any CPU
		{A09325D7-ABF5-466E-A921-DD91BEDDE25E}.Debug|Any CPU.ActiveCfg = Debug|Any CPU
		{A09325D7-ABF5-466E-A921-DD91BEDDE25E}.Debug|Any CPU.Build.0 = Debug|Any CPU
		{A09325D7-ABF5-466E-A921-DD91BEDDE25E}.Release|Any CPU.ActiveCfg = Release|Any CPU
		{A09325D7-ABF5-466E-A921-DD91BEDDE25E}.Release|Any CPU.Build.0 = Release|Any CPU
		{49DF089A-BE99-43BB-9C35-BC1D67DC23C6}.Debug|Any CPU.ActiveCfg = Debug|Any CPU
		{49DF089A-BE99-43BB-9C35-BC1D67DC23C6}.Debug|Any CPU.Build.0 = Debug|Any CPU
		{49DF089A-BE99-43BB-9C35-BC1D67DC23C6}.Release|Any CPU.ActiveCfg = Release|Any CPU
		{49DF089A-BE99-43BB-9C35-BC1D67DC23C6}.Release|Any CPU.Build.0 = Release|Any CPU
		{D78A10E8-83EC-44F9-85FC-6567B7AE4A64}.Debug|Any CPU.ActiveCfg = Debug|Any CPU
		{D78A10E8-83EC-44F9-85FC-6567B7AE4A64}.Debug|Any CPU.Build.0 = Debug|Any CPU
		{D78A10E8-83EC-44F9-85FC-6567B7AE4A64}.Release|Any CPU.ActiveCfg = Release|Any CPU
		{D78A10E8-83EC-44F9-85FC-6567B7AE4A64}.Release|Any CPU.Build.0 = Release|Any CPU
		{C213AB10-A1DB-49CC-BA2C-F87784514D22}.Debug|Any CPU.ActiveCfg = Debug|Any CPU
		{C213AB10-A1DB-49CC-BA2C-F87784514D22}.Debug|Any CPU.Build.0 = Debug|Any CPU
		{C213AB10-A1DB-49CC-BA2C-F87784514D22}.Release|Any CPU.ActiveCfg = Release|Any CPU
		{C213AB10-A1DB-49CC-BA2C-F87784514D22}.Release|Any CPU.Build.0 = Release|Any CPU
		{4ED134D8-1D96-4954-AB9E-5C71AE91CA24}.Debug|Any CPU.ActiveCfg = Debug|Any CPU
		{4ED134D8-1D96-4954-AB9E-5C71AE91CA24}.Debug|Any CPU.Build.0 = Debug|Any CPU
		{4ED134D8-1D96-4954-AB9E-5C71AE91CA24}.Release|Any CPU.ActiveCfg = Release|Any CPU
		{4ED134D8-1D96-4954-AB9E-5C71AE91CA24}.Release|Any CPU.Build.0 = Release|Any CPU
		{4EDECACA-66D6-43D8-970F-23D11E7607C3}.Debug|Any CPU.ActiveCfg = Debug|Any CPU
		{4EDECACA-66D6-43D8-970F-23D11E7607C3}.Debug|Any CPU.Build.0 = Debug|Any CPU
		{4EDECACA-66D6-43D8-970F-23D11E7607C3}.Release|Any CPU.ActiveCfg = Release|Any CPU
		{4EDECACA-66D6-43D8-970F-23D11E7607C3}.Release|Any CPU.Build.0 = Release|Any CPU
		{22044ADF-8634-4352-8742-77335A87BAB6}.Debug|Any CPU.ActiveCfg = Debug|Any CPU
		{22044ADF-8634-4352-8742-77335A87BAB6}.Debug|Any CPU.Build.0 = Debug|Any CPU
		{22044ADF-8634-4352-8742-77335A87BAB6}.Release|Any CPU.ActiveCfg = Release|Any CPU
		{22044ADF-8634-4352-8742-77335A87BAB6}.Release|Any CPU.Build.0 = Release|Any CPU
		{7A4DF7CB-C8D7-4B57-B57F-745AB834F27B}.Debug|Any CPU.ActiveCfg = Debug|Any CPU
		{7A4DF7CB-C8D7-4B57-B57F-745AB834F27B}.Debug|Any CPU.Build.0 = Debug|Any CPU
		{7A4DF7CB-C8D7-4B57-B57F-745AB834F27B}.Release|Any CPU.ActiveCfg = Release|Any CPU
		{7A4DF7CB-C8D7-4B57-B57F-745AB834F27B}.Release|Any CPU.Build.0 = Release|Any CPU
		{7C0FA613-F3FA-4326-8F9B-2ACD8F5CAFB7}.Debug|Any CPU.ActiveCfg = Debug|Any CPU
		{7C0FA613-F3FA-4326-8F9B-2ACD8F5CAFB7}.Debug|Any CPU.Build.0 = Debug|Any CPU
		{7C0FA613-F3FA-4326-8F9B-2ACD8F5CAFB7}.Release|Any CPU.ActiveCfg = Release|Any CPU
		{7C0FA613-F3FA-4326-8F9B-2ACD8F5CAFB7}.Release|Any CPU.Build.0 = Release|Any CPU
	EndGlobalSection
	GlobalSection(SolutionProperties) = preSolution
		HideSolutionNode = FALSE
	EndGlobalSection
	GlobalSection(ExtensibilityGlobals) = postSolution
		SolutionGuid = {B18BA5D3-1F6C-47A3-84C0-04EF88F0B97E}
	EndGlobalSection
EndGlobal
