
Microsoft Visual Studio Solution File, Format Version 12.00
# Visual Studio Version 17
VisualStudioVersion = 17.2.32630.192
MinimumVisualStudioVersion = 10.0.40219.1
Project("{FAE04EC0-301F-11D3-BF4B-00C04F79EFBC}") = "CommandPattern", "CommandPattern\CommandPattern.csproj", "{E7F52E50-26CE-44E1-A6CF-EE1F697EF185}"
EndProject
Global
	GlobalSection(SolutionConfigurationPlatforms) = preSolution
		Debug|Any CPU = Debug|Any CPU
		Release|Any CPU = Release|Any CPU
	EndGlobalSection
	GlobalSection(ProjectConfigurationPlatforms) = postSolution
		{E7F52E50-26CE-44E1-A6CF-EE1F697EF185}.Debug|Any CPU.ActiveCfg = Debug|Any CPU
		{E7F52E50-26CE-44E1-A6CF-EE1F697EF185}.Debug|Any CPU.Build.0 = Debug|Any CPU
		{E7F52E50-26CE-44E1-A6CF-EE1F697EF185}.Release|Any CPU.ActiveCfg = Release|Any CPU
		{E7F52E50-26CE-44E1-A6CF-EE1F697EF185}.Release|Any CPU.Build.0 = Release|Any CPU
	EndGlobalSection
	GlobalSection(SolutionProperties) = preSolution
		HideSolutionNode = FALSE
	EndGlobalSection
	GlobalSection(ExtensibilityGlobals) = postSolution
		SolutionGuid = {721DFB11-F7B2-40CA-90D3-BCE8CC85DAFB}
	EndGlobalSection
EndGlobal
