
Microsoft Visual Studio Solution File, Format Version 12.00
# Visual Studio Version 17
VisualStudioVersion = 17.2.32616.157
MinimumVisualStudioVersion = 10.0.40219.1
Project("{FAE04EC0-301F-11D3-BF4B-00C04F79EFBC}") = "MathOperations", "MathOperations\MathOperations.csproj", "{8F7F0855-E32F-4FC5-A30F-4F0D1184240E}"
EndProject
Project("{FAE04EC0-301F-11D3-BF4B-00C04F79EFBC}") = "Animals", "Animals\Animals.csproj", "{4F455183-F2FB-46D1-B16E-0339C4247701}"
EndProject
Project("{FAE04EC0-301F-11D3-BF4B-00C04F79EFBC}") = "Shapes", "Shapes\Shapes.csproj", "{D5CD54CA-F6F5-425A-8FF7-CD045A334F39}"
EndProject
Global
	GlobalSection(SolutionConfigurationPlatforms) = preSolution
		Debug|Any CPU = Debug|Any CPU
		Release|Any CPU = Release|Any CPU
	EndGlobalSection
	GlobalSection(ProjectConfigurationPlatforms) = postSolution
		{8F7F0855-E32F-4FC5-A30F-4F0D1184240E}.Debug|Any CPU.ActiveCfg = Debug|Any CPU
		{8F7F0855-E32F-4FC5-A30F-4F0D1184240E}.Debug|Any CPU.Build.0 = Debug|Any CPU
		{8F7F0855-E32F-4FC5-A30F-4F0D1184240E}.Release|Any CPU.ActiveCfg = Release|Any CPU
		{8F7F0855-E32F-4FC5-A30F-4F0D1184240E}.Release|Any CPU.Build.0 = Release|Any CPU
		{4F455183-F2FB-46D1-B16E-0339C4247701}.Debug|Any CPU.ActiveCfg = Debug|Any CPU
		{4F455183-F2FB-46D1-B16E-0339C4247701}.Debug|Any CPU.Build.0 = Debug|Any CPU
		{4F455183-F2FB-46D1-B16E-0339C4247701}.Release|Any CPU.ActiveCfg = Release|Any CPU
		{4F455183-F2FB-46D1-B16E-0339C4247701}.Release|Any CPU.Build.0 = Release|Any CPU
		{D5CD54CA-F6F5-425A-8FF7-CD045A334F39}.Debug|Any CPU.ActiveCfg = Debug|Any CPU
		{D5CD54CA-F6F5-425A-8FF7-CD045A334F39}.Debug|Any CPU.Build.0 = Debug|Any CPU
		{D5CD54CA-F6F5-425A-8FF7-CD045A334F39}.Release|Any CPU.ActiveCfg = Release|Any CPU
		{D5CD54CA-F6F5-425A-8FF7-CD045A334F39}.Release|Any CPU.Build.0 = Release|Any CPU
	EndGlobalSection
	GlobalSection(SolutionProperties) = preSolution
		HideSolutionNode = FALSE
	EndGlobalSection
	GlobalSection(ExtensibilityGlobals) = postSolution
		SolutionGuid = {81810AF1-77B5-4F19-91B3-A624538ADF94}
	EndGlobalSection
EndGlobal
