
Microsoft Visual Studio Solution File, Format Version 12.00
# Visual Studio Version 16
VisualStudioVersion = 16.0.29424.173
MinimumVisualStudioVersion = 10.0.40219.1
Project("{FAE04EC0-301F-11D3-BF4B-00C04F79EFBC}") = "Presents", "Presents\Presents.csproj", "{495232D9-8060-4458-96F0-D8B3DC5618B1}"
EndProject
Project("{FAE04EC0-301F-11D3-BF4B-00C04F79EFBC}") = "Presents.Tests", "Presents.Tests\Presents.Tests.csproj", "{25CE6C4E-8870-4DD8-A12B-BEF79F86DBEE}"
EndProject
Global
	GlobalSection(SolutionConfigurationPlatforms) = preSolution
		Debug|Any CPU = Debug|Any CPU
		Release|Any CPU = Release|Any CPU
	EndGlobalSection
	GlobalSection(ProjectConfigurationPlatforms) = postSolution
		{495232D9-8060-4458-96F0-D8B3DC5618B1}.Debug|Any CPU.ActiveCfg = Debug|Any CPU
		{495232D9-8060-4458-96F0-D8B3DC5618B1}.Debug|Any CPU.Build.0 = Debug|Any CPU
		{495232D9-8060-4458-96F0-D8B3DC5618B1}.Release|Any CPU.ActiveCfg = Release|Any CPU
		{495232D9-8060-4458-96F0-D8B3DC5618B1}.Release|Any CPU.Build.0 = Release|Any CPU
		{25CE6C4E-8870-4DD8-A12B-BEF79F86DBEE}.Debug|Any CPU.ActiveCfg = Debug|Any CPU
		{25CE6C4E-8870-4DD8-A12B-BEF79F86DBEE}.Debug|Any CPU.Build.0 = Debug|Any CPU
		{25CE6C4E-8870-4DD8-A12B-BEF79F86DBEE}.Release|Any CPU.ActiveCfg = Release|Any CPU
		{25CE6C4E-8870-4DD8-A12B-BEF79F86DBEE}.Release|Any CPU.Build.0 = Release|Any CPU
	EndGlobalSection
	GlobalSection(SolutionProperties) = preSolution
		HideSolutionNode = FALSE
	EndGlobalSection
	GlobalSection(ExtensibilityGlobals) = postSolution
		SolutionGuid = {1F9B9596-9E35-4C4C-8FF5-E96D136DFA25}
	EndGlobalSection
EndGlobal
