
Microsoft Visual Studio Solution File, Format Version 12.00
# Visual Studio Version 17
VisualStudioVersion = 17.2.32602.215
MinimumVisualStudioVersion = 10.0.40219.1
Project("{FAE04EC0-301F-11D3-BF4B-00C04F79EFBC}") = "01. Flower Wreaths", "01. Flower Wreaths\01. Flower Wreaths.csproj", "{A5AD5973-B623-4858-B38E-0274D285CBC5}"
EndProject
Project("{FAE04EC0-301F-11D3-BF4B-00C04F79EFBC}") = "02. Bee", "02. Bee\02. Bee.csproj", "{A2C5075B-B8DD-48E5-8EDB-15E4F6FA4205}"
EndProject
Project("{9A19103F-16F7-4668-BE54-9A1E7A4F7556}") = "VetClinic", "VetClinic\VetClinic.csproj", "{3D84B53F-EC0C-4546-A959-D66C6DC6DC9C}"
EndProject
Global
	GlobalSection(SolutionConfigurationPlatforms) = preSolution
		Debug|Any CPU = Debug|Any CPU
		Release|Any CPU = Release|Any CPU
	EndGlobalSection
	GlobalSection(ProjectConfigurationPlatforms) = postSolution
		{A5AD5973-B623-4858-B38E-0274D285CBC5}.Debug|Any CPU.ActiveCfg = Debug|Any CPU
		{A5AD5973-B623-4858-B38E-0274D285CBC5}.Debug|Any CPU.Build.0 = Debug|Any CPU
		{A5AD5973-B623-4858-B38E-0274D285CBC5}.Release|Any CPU.ActiveCfg = Release|Any CPU
		{A5AD5973-B623-4858-B38E-0274D285CBC5}.Release|Any CPU.Build.0 = Release|Any CPU
		{A2C5075B-B8DD-48E5-8EDB-15E4F6FA4205}.Debug|Any CPU.ActiveCfg = Debug|Any CPU
		{A2C5075B-B8DD-48E5-8EDB-15E4F6FA4205}.Debug|Any CPU.Build.0 = Debug|Any CPU
		{A2C5075B-B8DD-48E5-8EDB-15E4F6FA4205}.Release|Any CPU.ActiveCfg = Release|Any CPU
		{A2C5075B-B8DD-48E5-8EDB-15E4F6FA4205}.Release|Any CPU.Build.0 = Release|Any CPU
		{3D84B53F-EC0C-4546-A959-D66C6DC6DC9C}.Debug|Any CPU.ActiveCfg = Debug|Any CPU
		{3D84B53F-EC0C-4546-A959-D66C6DC6DC9C}.Debug|Any CPU.Build.0 = Debug|Any CPU
		{3D84B53F-EC0C-4546-A959-D66C6DC6DC9C}.Release|Any CPU.ActiveCfg = Release|Any CPU
		{3D84B53F-EC0C-4546-A959-D66C6DC6DC9C}.Release|Any CPU.Build.0 = Release|Any CPU
	EndGlobalSection
	GlobalSection(SolutionProperties) = preSolution
		HideSolutionNode = FALSE
	EndGlobalSection
	GlobalSection(ExtensibilityGlobals) = postSolution
		SolutionGuid = {A5DEEF7F-ADAD-4FF5-99F1-DBFFA9860306}
	EndGlobalSection
EndGlobal
