
Microsoft Visual Studio Solution File, Format Version 12.00
# Visual Studio Version 17
VisualStudioVersion = 17.1.32319.34
MinimumVisualStudioVersion = 10.0.40219.1
Project("{9A19103F-16F7-4668-BE54-9A1E7A4F7556}") = "A01. The Imitation Game", "A01. The Imitation Game\A01. The Imitation Game.csproj", "{DE9621C4-137F-4B9C-B80B-8AF235119044}"
EndProject
Project("{9A19103F-16F7-4668-BE54-9A1E7A4F7556}") = "A02. Ad Astra", "A02. Ad Astra\A02. Ad Astra.csproj", "{43FC4C06-B08A-4056-9424-27B5370CBF16}"
EndProject
Project("{9A19103F-16F7-4668-BE54-9A1E7A4F7556}") = "A03. The Pianist", "A03. The Pianist\A03. The Pianist.csproj", "{5CECB3F6-3234-4E28-BEF1-BDE5434308E7}"
EndProject
Project("{9A19103F-16F7-4668-BE54-9A1E7A4F7556}") = "B01. World Tour", "B01. World Tour\B01. World Tour.csproj", "{5335AB17-F2E6-481F-BBAE-DC551A82D6DA}"
EndProject
Project("{9A19103F-16F7-4668-BE54-9A1E7A4F7556}") = "B02. Destination Mapper", "B02. Destination Mapper\B02. Destination Mapper.csproj", "{64CE2198-82E7-4312-8BF9-C58995D77D2E}"
EndProject
Project("{9A19103F-16F7-4668-BE54-9A1E7A4F7556}") = "B03. Plant Discovery", "B03. Plant Discovery\B03. Plant Discovery.csproj", "{62021D72-8B57-451A-98DC-38DF111A8580}"
EndProject
Project("{9A19103F-16F7-4668-BE54-9A1E7A4F7556}") = "C01. Secret Chat", "C01. Secret Chat\C01. Secret Chat.csproj", "{6A6024BF-FE4D-448C-9CF5-465058C2D3AF}"
EndProject
Project("{9A19103F-16F7-4668-BE54-9A1E7A4F7556}") = "C02. Mirror Words", "C02. Mirror Words\C02. Mirror Words.csproj", "{38916931-CB2A-48B5-BC3D-580F024C4B4F}"
EndProject
Project("{9A19103F-16F7-4668-BE54-9A1E7A4F7556}") = "C03. Need for Speed III", "C03. Need for Speed III\C03. Need for Speed III.csproj", "{F347AD13-C417-4591-945A-3BE4C0768E76}"
EndProject
Project("{9A19103F-16F7-4668-BE54-9A1E7A4F7556}") = "D01. Password Reset", "D01. Password Reset\D01. Password Reset.csproj", "{67BD595F-A44C-4BBB-B71A-FF6C4471F23F}"
EndProject
Project("{9A19103F-16F7-4668-BE54-9A1E7A4F7556}") = "D02. Fancy Barcodes", "D02. Fancy Barcodes\D02. Fancy Barcodes.csproj", "{5A1B5C3D-EF44-4D67-844F-D37B4CBCB549}"
EndProject
Project("{9A19103F-16F7-4668-BE54-9A1E7A4F7556}") = "D03. Heroes of Code and Logic VII", "D03. Heroes of Code and Logic VII\D03. Heroes of Code and Logic VII.csproj", "{C3100B17-506A-497E-9509-A7BC21EFDE22}"
EndProject
Project("{FAE04EC0-301F-11D3-BF4B-00C04F79EFBC}") = "E01. Activation Keys", "E01. Activation Keys\E01. Activation Keys.csproj", "{8213F429-22F8-4EA1-BB9B-177FE677A6E2}"
EndProject
Project("{FAE04EC0-301F-11D3-BF4B-00C04F79EFBC}") = "E02. Emoji Detector", "E02. Emoji Detector\E02. Emoji Detector.csproj", "{F834A397-067A-4698-80AA-870E556C99A2}"
EndProject
Project("{FAE04EC0-301F-11D3-BF4B-00C04F79EFBC}") = "E03. P!rates", "E03. P!rates\E03. P!rates.csproj", "{96728622-3ED9-492F-826F-A81BD9DE48EE}"
EndProject
Global
	GlobalSection(SolutionConfigurationPlatforms) = preSolution
		Debug|Any CPU = Debug|Any CPU
		Release|Any CPU = Release|Any CPU
	EndGlobalSection
	GlobalSection(ProjectConfigurationPlatforms) = postSolution
		{DE9621C4-137F-4B9C-B80B-8AF235119044}.Debug|Any CPU.ActiveCfg = Debug|Any CPU
		{DE9621C4-137F-4B9C-B80B-8AF235119044}.Debug|Any CPU.Build.0 = Debug|Any CPU
		{DE9621C4-137F-4B9C-B80B-8AF235119044}.Release|Any CPU.ActiveCfg = Release|Any CPU
		{DE9621C4-137F-4B9C-B80B-8AF235119044}.Release|Any CPU.Build.0 = Release|Any CPU
		{43FC4C06-B08A-4056-9424-27B5370CBF16}.Debug|Any CPU.ActiveCfg = Debug|Any CPU
		{43FC4C06-B08A-4056-9424-27B5370CBF16}.Debug|Any CPU.Build.0 = Debug|Any CPU
		{43FC4C06-B08A-4056-9424-27B5370CBF16}.Release|Any CPU.ActiveCfg = Release|Any CPU
		{43FC4C06-B08A-4056-9424-27B5370CBF16}.Release|Any CPU.Build.0 = Release|Any CPU
		{5CECB3F6-3234-4E28-BEF1-BDE5434308E7}.Debug|Any CPU.ActiveCfg = Debug|Any CPU
		{5CECB3F6-3234-4E28-BEF1-BDE5434308E7}.Debug|Any CPU.Build.0 = Debug|Any CPU
		{5CECB3F6-3234-4E28-BEF1-BDE5434308E7}.Release|Any CPU.ActiveCfg = Release|Any CPU
		{5CECB3F6-3234-4E28-BEF1-BDE5434308E7}.Release|Any CPU.Build.0 = Release|Any CPU
		{5335AB17-F2E6-481F-BBAE-DC551A82D6DA}.Debug|Any CPU.ActiveCfg = Debug|Any CPU
		{5335AB17-F2E6-481F-BBAE-DC551A82D6DA}.Debug|Any CPU.Build.0 = Debug|Any CPU
		{5335AB17-F2E6-481F-BBAE-DC551A82D6DA}.Release|Any CPU.ActiveCfg = Release|Any CPU
		{5335AB17-F2E6-481F-BBAE-DC551A82D6DA}.Release|Any CPU.Build.0 = Release|Any CPU
		{64CE2198-82E7-4312-8BF9-C58995D77D2E}.Debug|Any CPU.ActiveCfg = Debug|Any CPU
		{64CE2198-82E7-4312-8BF9-C58995D77D2E}.Debug|Any CPU.Build.0 = Debug|Any CPU
		{64CE2198-82E7-4312-8BF9-C58995D77D2E}.Release|Any CPU.ActiveCfg = Release|Any CPU
		{64CE2198-82E7-4312-8BF9-C58995D77D2E}.Release|Any CPU.Build.0 = Release|Any CPU
		{62021D72-8B57-451A-98DC-38DF111A8580}.Debug|Any CPU.ActiveCfg = Debug|Any CPU
		{62021D72-8B57-451A-98DC-38DF111A8580}.Debug|Any CPU.Build.0 = Debug|Any CPU
		{62021D72-8B57-451A-98DC-38DF111A8580}.Release|Any CPU.ActiveCfg = Release|Any CPU
		{62021D72-8B57-451A-98DC-38DF111A8580}.Release|Any CPU.Build.0 = Release|Any CPU
		{6A6024BF-FE4D-448C-9CF5-465058C2D3AF}.Debug|Any CPU.ActiveCfg = Debug|Any CPU
		{6A6024BF-FE4D-448C-9CF5-465058C2D3AF}.Debug|Any CPU.Build.0 = Debug|Any CPU
		{6A6024BF-FE4D-448C-9CF5-465058C2D3AF}.Release|Any CPU.ActiveCfg = Release|Any CPU
		{6A6024BF-FE4D-448C-9CF5-465058C2D3AF}.Release|Any CPU.Build.0 = Release|Any CPU
		{38916931-CB2A-48B5-BC3D-580F024C4B4F}.Debug|Any CPU.ActiveCfg = Debug|Any CPU
		{38916931-CB2A-48B5-BC3D-580F024C4B4F}.Debug|Any CPU.Build.0 = Debug|Any CPU
		{38916931-CB2A-48B5-BC3D-580F024C4B4F}.Release|Any CPU.ActiveCfg = Release|Any CPU
		{38916931-CB2A-48B5-BC3D-580F024C4B4F}.Release|Any CPU.Build.0 = Release|Any CPU
		{F347AD13-C417-4591-945A-3BE4C0768E76}.Debug|Any CPU.ActiveCfg = Debug|Any CPU
		{F347AD13-C417-4591-945A-3BE4C0768E76}.Debug|Any CPU.Build.0 = Debug|Any CPU
		{F347AD13-C417-4591-945A-3BE4C0768E76}.Release|Any CPU.ActiveCfg = Release|Any CPU
		{F347AD13-C417-4591-945A-3BE4C0768E76}.Release|Any CPU.Build.0 = Release|Any CPU
		{67BD595F-A44C-4BBB-B71A-FF6C4471F23F}.Debug|Any CPU.ActiveCfg = Debug|Any CPU
		{67BD595F-A44C-4BBB-B71A-FF6C4471F23F}.Debug|Any CPU.Build.0 = Debug|Any CPU
		{67BD595F-A44C-4BBB-B71A-FF6C4471F23F}.Release|Any CPU.ActiveCfg = Release|Any CPU
		{67BD595F-A44C-4BBB-B71A-FF6C4471F23F}.Release|Any CPU.Build.0 = Release|Any CPU
		{5A1B5C3D-EF44-4D67-844F-D37B4CBCB549}.Debug|Any CPU.ActiveCfg = Debug|Any CPU
		{5A1B5C3D-EF44-4D67-844F-D37B4CBCB549}.Debug|Any CPU.Build.0 = Debug|Any CPU
		{5A1B5C3D-EF44-4D67-844F-D37B4CBCB549}.Release|Any CPU.ActiveCfg = Release|Any CPU
		{5A1B5C3D-EF44-4D67-844F-D37B4CBCB549}.Release|Any CPU.Build.0 = Release|Any CPU
		{C3100B17-506A-497E-9509-A7BC21EFDE22}.Debug|Any CPU.ActiveCfg = Debug|Any CPU
		{C3100B17-506A-497E-9509-A7BC21EFDE22}.Debug|Any CPU.Build.0 = Debug|Any CPU
		{C3100B17-506A-497E-9509-A7BC21EFDE22}.Release|Any CPU.ActiveCfg = Release|Any CPU
		{C3100B17-506A-497E-9509-A7BC21EFDE22}.Release|Any CPU.Build.0 = Release|Any CPU
		{8213F429-22F8-4EA1-BB9B-177FE677A6E2}.Debug|Any CPU.ActiveCfg = Debug|Any CPU
		{8213F429-22F8-4EA1-BB9B-177FE677A6E2}.Debug|Any CPU.Build.0 = Debug|Any CPU
		{8213F429-22F8-4EA1-BB9B-177FE677A6E2}.Release|Any CPU.ActiveCfg = Release|Any CPU
		{8213F429-22F8-4EA1-BB9B-177FE677A6E2}.Release|Any CPU.Build.0 = Release|Any CPU
		{F834A397-067A-4698-80AA-870E556C99A2}.Debug|Any CPU.ActiveCfg = Debug|Any CPU
		{F834A397-067A-4698-80AA-870E556C99A2}.Debug|Any CPU.Build.0 = Debug|Any CPU
		{F834A397-067A-4698-80AA-870E556C99A2}.Release|Any CPU.ActiveCfg = Release|Any CPU
		{F834A397-067A-4698-80AA-870E556C99A2}.Release|Any CPU.Build.0 = Release|Any CPU
		{96728622-3ED9-492F-826F-A81BD9DE48EE}.Debug|Any CPU.ActiveCfg = Debug|Any CPU
		{96728622-3ED9-492F-826F-A81BD9DE48EE}.Debug|Any CPU.Build.0 = Debug|Any CPU
		{96728622-3ED9-492F-826F-A81BD9DE48EE}.Release|Any CPU.ActiveCfg = Release|Any CPU
		{96728622-3ED9-492F-826F-A81BD9DE48EE}.Release|Any CPU.Build.0 = Release|Any CPU
	EndGlobalSection
	GlobalSection(SolutionProperties) = preSolution
		HideSolutionNode = FALSE
	EndGlobalSection
	GlobalSection(ExtensibilityGlobals) = postSolution
		SolutionGuid = {54C2ECC8-BD1C-4F36-B6F2-E41BE3518A3E}
	EndGlobalSection
EndGlobal
