
Microsoft Visual Studio Solution File, Format Version 12.00
# Visual Studio 15
VisualStudioVersion = 15.0.27703.2026
MinimumVisualStudioVersion = 10.0.40219.1
Project("{FAE04EC0-301F-11D3-BF4B-00C04F79EFBC}") = "Aquariums", "Aquariums\Aquariums.csproj", "{A3C7F241-92B5-4EDC-ABF3-D587EF8FBFB3}"
EndProject
Project("{FAE04EC0-301F-11D3-BF4B-00C04F79EFBC}") = "Aquariums.Tests", "Aquariums.Tests\Aquariums.Tests.csproj", "{646C24EC-2751-4BF2-A3A5-2CFD7EA92785}"
EndProject
Global
	GlobalSection(SolutionConfigurationPlatforms) = preSolution
		Debug|Any CPU = Debug|Any CPU
		Release|Any CPU = Release|Any CPU
	EndGlobalSection
	GlobalSection(ProjectConfigurationPlatforms) = postSolution
		{A3C7F241-92B5-4EDC-ABF3-D587EF8FBFB3}.Debug|Any CPU.ActiveCfg = Debug|Any CPU
		{A3C7F241-92B5-4EDC-ABF3-D587EF8FBFB3}.Debug|Any CPU.Build.0 = Debug|Any CPU
		{A3C7F241-92B5-4EDC-ABF3-D587EF8FBFB3}.Release|Any CPU.ActiveCfg = Release|Any CPU
		{A3C7F241-92B5-4EDC-ABF3-D587EF8FBFB3}.Release|Any CPU.Build.0 = Release|Any CPU
		{646C24EC-2751-4BF2-A3A5-2CFD7EA92785}.Debug|Any CPU.ActiveCfg = Debug|Any CPU
		{646C24EC-2751-4BF2-A3A5-2CFD7EA92785}.Debug|Any CPU.Build.0 = Debug|Any CPU
		{646C24EC-2751-4BF2-A3A5-2CFD7EA92785}.Release|Any CPU.ActiveCfg = Release|Any CPU
		{646C24EC-2751-4BF2-A3A5-2CFD7EA92785}.Release|Any CPU.Build.0 = Release|Any CPU
	EndGlobalSection
	GlobalSection(SolutionProperties) = preSolution
		HideSolutionNode = FALSE
	EndGlobalSection
	GlobalSection(ExtensibilityGlobals) = postSolution
		SolutionGuid = {CD64E86C-8DBE-4105-96A6-BDC34F472D6A}
	EndGlobalSection
EndGlobal
