
Microsoft Visual Studio Solution File, Format Version 12.00
# Visual Studio Version 17
VisualStudioVersion = 17.2.32616.157
MinimumVisualStudioVersion = 10.0.40219.1
Project("{FAE04EC0-301F-11D3-BF4B-00C04F79EFBC}") = "Shapes", "Shapes\Shapes.csproj", "{DC63E04F-1EE2-45FD-A230-152C05A5D769}"
EndProject
Project("{FAE04EC0-301F-11D3-BF4B-00C04F79EFBC}") = "Cars", "Cars\Cars.csproj", "{F4D7F3C2-7481-461E-A41F-3924B2E4A585}"
EndProject
Global
	GlobalSection(SolutionConfigurationPlatforms) = preSolution
		Debug|Any CPU = Debug|Any CPU
		Release|Any CPU = Release|Any CPU
	EndGlobalSection
	GlobalSection(ProjectConfigurationPlatforms) = postSolution
		{DC63E04F-1EE2-45FD-A230-152C05A5D769}.Debug|Any CPU.ActiveCfg = Debug|Any CPU
		{DC63E04F-1EE2-45FD-A230-152C05A5D769}.Debug|Any CPU.Build.0 = Debug|Any CPU
		{DC63E04F-1EE2-45FD-A230-152C05A5D769}.Release|Any CPU.ActiveCfg = Release|Any CPU
		{DC63E04F-1EE2-45FD-A230-152C05A5D769}.Release|Any CPU.Build.0 = Release|Any CPU
		{F4D7F3C2-7481-461E-A41F-3924B2E4A585}.Debug|Any CPU.ActiveCfg = Debug|Any CPU
		{F4D7F3C2-7481-461E-A41F-3924B2E4A585}.Debug|Any CPU.Build.0 = Debug|Any CPU
		{F4D7F3C2-7481-461E-A41F-3924B2E4A585}.Release|Any CPU.ActiveCfg = Release|Any CPU
		{F4D7F3C2-7481-461E-A41F-3924B2E4A585}.Release|Any CPU.Build.0 = Release|Any CPU
	EndGlobalSection
	GlobalSection(SolutionProperties) = preSolution
		HideSolutionNode = FALSE
	EndGlobalSection
	GlobalSection(ExtensibilityGlobals) = postSolution
		SolutionGuid = {241C3C73-1557-4E8B-86F4-5EF08043E655}
	EndGlobalSection
EndGlobal
